
Microsoft Visual Studio Solution File, Format Version 12.00
# Visual Studio Version 17
VisualStudioVersion = 17.2.32616.157
MinimumVisualStudioVersion = 10.0.40219.1
Project("{FAE04EC0-301F-11D3-BF4B-00C04F79EFBC}") = "kinolog", "kinolog\kinolog.csproj", "{351561C3-18C6-4AD4-9DF1-87EC322CC0E8}"
EndProject
Global
	GlobalSection(SolutionConfigurationPlatforms) = preSolution
		Debug|Any CPU = Debug|Any CPU
		Release|Any CPU = Release|Any CPU
	EndGlobalSection
	GlobalSection(ProjectConfigurationPlatforms) = postSolution
		{351561C3-18C6-4AD4-9DF1-87EC322CC0E8}.Debug|Any CPU.ActiveCfg = Debug|Any CPU
		{351561C3-18C6-4AD4-9DF1-87EC322CC0E8}.Debug|Any CPU.Build.0 = Debug|Any CPU
		{351561C3-18C6-4AD4-9DF1-87EC322CC0E8}.Release|Any CPU.ActiveCfg = Release|Any CPU
		{351561C3-18C6-4AD4-9DF1-87EC322CC0E8}.Release|Any CPU.Build.0 = Release|Any CPU
	EndGlobalSection
	GlobalSection(SolutionProperties) = preSolution
		HideSolutionNode = FALSE
	EndGlobalSection
	GlobalSection(ExtensibilityGlobals) = postSolution
		SolutionGuid = {1CCAE08C-4A15-4FB2-9177-C5101FC07036}
	EndGlobalSection
EndGlobal
